
Microsoft Visual Studio Solution File, Format Version 12.00
# Visual Studio Version 16
VisualStudioVersion = 16.0.30330.147
MinimumVisualStudioVersion = 10.0.40219.1
Project("{FAE04EC0-301F-11D3-BF4B-00C04F79EFBC}") = "doctest", "doctest\doctest.csproj", "{BFC300C8-AD6F-4103-928C-E638D4369F91}"
EndProject
Global
	GlobalSection(SolutionConfigurationPlatforms) = preSolution
		Debug|Any CPU = Debug|Any CPU
		Release|Any CPU = Release|Any CPU
	EndGlobalSection
	GlobalSection(ProjectConfigurationPlatforms) = postSolution
		{BFC300C8-AD6F-4103-928C-E638D4369F91}.Debug|Any CPU.ActiveCfg = Debug|Any CPU
		{BFC300C8-AD6F-4103-928C-E638D4369F91}.Debug|Any CPU.Build.0 = Debug|Any CPU
		{BFC300C8-AD6F-4103-928C-E638D4369F91}.Release|Any CPU.ActiveCfg = Release|Any CPU
		{BFC300C8-AD6F-4103-928C-E638D4369F91}.Release|Any CPU.Build.0 = Release|Any CPU
	EndGlobalSection
	GlobalSection(SolutionProperties) = preSolution
		HideSolutionNode = FALSE
	EndGlobalSection
	GlobalSection(ExtensibilityGlobals) = postSolution
		SolutionGuid = {E2637333-2808-4A30-B6DE-3CC005E883B1}
	EndGlobalSection
EndGlobal
